/************************************************************************************
* Program Name: Matrix Multiply
* Programmer: Raven Foster
* Class: CSCI 2160
* Project: projoect 3
* Date: 11/30/2021
**************************************************************************************/

#include <stdio.h>
#include <string.h>


int main ()
{
	int size;
	scanf("%d", &size);
	int firstMatrix[size][size];
	int secondMatrix[size][size];
	int resultMat[size][size];
	
	for(int i = 0; i< size; i++)
	{
		for(int j = 0; j < size; i++)
		{
				scanf("%d", &firstMatrix[i][j]);
		}
		
	}
	
	for(int i = 0; i < size; i++)
	{
		for(int j = 0; j < size; j++)
		{
			scanf("%d", &secondMatrix[i][j]);
		}
		
	}
	
	for(int i = 0; i < size; i++)
	{
			for(int j = 0; j < size; j++)
			{
					for( int k = 0; k < size; k++)
					{
						resultMat[i][j] += firstMatrix[i][k] * secondMatrix[k][j]);
					}
					
				
			}
	}
	
	for (int i = 0; i < size; i++)
	{
		for(int j = 0; j < size; j++)
		{
			printf("%d", secondMatrix[i][j]);
		}
		printf("\n");
	}
	return 0;
}
