
Microsoft Visual Studio Solution File, Format Version 12.00
# Visual Studio Version 16
VisualStudioVersion = 16.0.31313.79
MinimumVisualStudioVersion = 10.0.40219.1
Project("{FAE04EC0-301F-11D3-BF4B-00C04F79EFBC}") = "Lab3", "Lab3.csproj", "{A48D72F0-F3FA-44D4-AE80-E40498109F7E}"
EndProject
Global
	GlobalSection(SolutionConfigurationPlatforms) = preSolution
		Debug|Any CPU = Debug|Any CPU
		Release|Any CPU = Release|Any CPU
	EndGlobalSection
	GlobalSection(ProjectConfigurationPlatforms) = postSolution
		{A48D72F0-F3FA-44D4-AE80-E40498109F7E}.Debug|Any CPU.ActiveCfg = Debug|Any CPU
		{A48D72F0-F3FA-44D4-AE80-E40498109F7E}.Debug|Any CPU.Build.0 = Debug|Any CPU
		{A48D72F0-F3FA-44D4-AE80-E40498109F7E}.Release|Any CPU.ActiveCfg = Release|Any CPU
		{A48D72F0-F3FA-44D4-AE80-E40498109F7E}.Release|Any CPU.Build.0 = Release|Any CPU
	EndGlobalSection
	GlobalSection(SolutionProperties) = preSolution
		HideSolutionNode = FALSE
	EndGlobalSection
	GlobalSection(ExtensibilityGlobals) = postSolution
		SolutionGuid = {432608CA-19F0-45B7-8D53-686806D26660}
	EndGlobalSection
EndGlobal
