
Microsoft Visual Studio Solution File, Format Version 12.00
# Visual Studio Version 16
VisualStudioVersion = 16.0.29306.81
MinimumVisualStudioVersion = 10.0.40219.1
Project("{FAE04EC0-301F-11D3-BF4B-00C04F79EFBC}") = "Homework1", "Project 1\Homework1.csproj", "{5E0AE8AC-6390-4EB6-8E7B-1E467FCA5BAF}"
EndProject
Global
	GlobalSection(SolutionConfigurationPlatforms) = preSolution
		Debug|Any CPU = Debug|Any CPU
		Release|Any CPU = Release|Any CPU
	EndGlobalSection
	GlobalSection(ProjectConfigurationPlatforms) = postSolution
		{5E0AE8AC-6390-4EB6-8E7B-1E467FCA5BAF}.Debug|Any CPU.ActiveCfg = Debug|Any CPU
		{5E0AE8AC-6390-4EB6-8E7B-1E467FCA5BAF}.Debug|Any CPU.Build.0 = Debug|Any CPU
		{5E0AE8AC-6390-4EB6-8E7B-1E467FCA5BAF}.Release|Any CPU.ActiveCfg = Release|Any CPU
		{5E0AE8AC-6390-4EB6-8E7B-1E467FCA5BAF}.Release|Any CPU.Build.0 = Release|Any CPU
	EndGlobalSection
	GlobalSection(SolutionProperties) = preSolution
		HideSolutionNode = FALSE
	EndGlobalSection
	GlobalSection(ExtensibilityGlobals) = postSolution
		SolutionGuid = {72FCD2B3-1979-44E3-830B-B80A56645AA7}
	EndGlobalSection
EndGlobal
