
Microsoft Visual Studio Solution File, Format Version 12.00
# Visual Studio Version 16
VisualStudioVersion = 16.0.29306.81
MinimumVisualStudioVersion = 10.0.40219.1
Project("{FAE04EC0-301F-11D3-BF4B-00C04F79EFBC}") = "Lab1", "Lab1\Lab1.csproj", "{7E964F6B-4AB4-452E-8AC1-ED76B928A988}"
EndProject
Global
	GlobalSection(SolutionConfigurationPlatforms) = preSolution
		Debug|Any CPU = Debug|Any CPU
		Release|Any CPU = Release|Any CPU
	EndGlobalSection
	GlobalSection(ProjectConfigurationPlatforms) = postSolution
		{7E964F6B-4AB4-452E-8AC1-ED76B928A988}.Debug|Any CPU.ActiveCfg = Debug|Any CPU
		{7E964F6B-4AB4-452E-8AC1-ED76B928A988}.Debug|Any CPU.Build.0 = Debug|Any CPU
		{7E964F6B-4AB4-452E-8AC1-ED76B928A988}.Release|Any CPU.ActiveCfg = Release|Any CPU
		{7E964F6B-4AB4-452E-8AC1-ED76B928A988}.Release|Any CPU.Build.0 = Release|Any CPU
	EndGlobalSection
	GlobalSection(SolutionProperties) = preSolution
		HideSolutionNode = FALSE
	EndGlobalSection
	GlobalSection(ExtensibilityGlobals) = postSolution
		SolutionGuid = {49B16665-A2B8-470C-97D3-B10406D7D45C}
	EndGlobalSection
EndGlobal
